
Microsoft Visual Studio Solution File, Format Version 12.00
# Visual Studio Version 17
VisualStudioVersion = 17.8.34601.278
MinimumVisualStudioVersion = 10.0.40219.1
Project("{FAE04EC0-301F-11D3-BF4B-00C04F79EFBC}") = "Project-MVC-CORE-EF", "Project-MVC-CORE-EF\Project-MVC-CORE-EF.csproj", "{EA2288DC-150E-4CEE-9D49-4233AE7A3AE0}"
EndProject
Global
	GlobalSection(SolutionConfigurationPlatforms) = preSolution
		Debug|Any CPU = Debug|Any CPU
		Release|Any CPU = Release|Any CPU
	EndGlobalSection
	GlobalSection(ProjectConfigurationPlatforms) = postSolution
		{EA2288DC-150E-4CEE-9D49-4233AE7A3AE0}.Debug|Any CPU.ActiveCfg = Debug|Any CPU
		{EA2288DC-150E-4CEE-9D49-4233AE7A3AE0}.Debug|Any CPU.Build.0 = Debug|Any CPU
		{EA2288DC-150E-4CEE-9D49-4233AE7A3AE0}.Release|Any CPU.ActiveCfg = Release|Any CPU
		{EA2288DC-150E-4CEE-9D49-4233AE7A3AE0}.Release|Any CPU.Build.0 = Release|Any CPU
	EndGlobalSection
	GlobalSection(SolutionProperties) = preSolution
		HideSolutionNode = FALSE
	EndGlobalSection
	GlobalSection(ExtensibilityGlobals) = postSolution
		SolutionGuid = {AFE48838-E66A-4C2C-8650-2737878E87D6}
	EndGlobalSection
EndGlobal
